// !$*UTF8*$!
{
	archiveVersion = 1;
	classes = {
	};
	objectVersion = 77;
	objects = {

/* Begin PBXContainerItemProxy section */
		4C36D7A22CEC7CA800EA2259 /* PBXContainerItemProxy */ = {
			isa = PBXContainerItemProxy;
			containerPortal = 4C36D7892CEC7CA600EA2259 /* Project object */;
			proxyType = 1;
			remoteGlobalIDString = 4C36D7902CEC7CA600EA2259;
			remoteInfo = Addingtwo;
		};
		4C36D7AC2CEC7CA800EA2259 /* PBXContainerItemProxy */ = {
			isa = PBXContainerItemProxy;
			containerPortal = 4C36D7892CEC7CA600EA2259 /* Project object */;
			proxyType = 1;
			remoteGlobalIDString = 4C36D7902CEC7CA600EA2259;
			remoteInfo = Addingtwo;
		};
/* End PBXContainerItemProxy section */

/* Begin PBXFileReference section */
		4C36D7912CEC7CA600EA2259 /* Addingtwo.app */ = {isa = PBXFileReference; explicitFileType = wrapper.application; includeInIndex = 0; path = Addingtwo.app; sourceTree = BUILT_PRODUCTS_DIR; };
		4C36D7A12CEC7CA800EA2259 /* AddingtwoTests.xctest */ = {isa = PBXFileReference; explicitFileType = wrapper.cfbundle; includeInIndex = 0; path = AddingtwoTests.xctest; sourceTree = BUILT_PRODUCTS_DIR; };
		4C36D7AB2CEC7CA800EA2259 /* AddingtwoUITests.xctest */ = {isa = PBXFileReference; explicitFileType = wrapper.cfbundle; includeInIndex = 0; path = AddingtwoUITests.xctest; sourceTree = BUILT_PRODUCTS_DIR; };
/* End PBXFileReference section */

/* Begin PBXFileSystemSynchronizedRootGroup section */
		4C36D7932CEC7CA600EA2259 /* Addingtwo */ = {
			isa = PBXFileSystemSynchronizedRootGroup;
			path = Addingtwo;
			sourceTree = "<group>";
		};
		4C36D7A42CEC7CA800EA2259 /* AddingtwoTests */ = {
			isa = PBXFileSystemSynchronizedRootGroup;
			path = AddingtwoTests;
			sourceTree = "<group>";
		};
		4C36D7AE2CEC7CA800EA2259 /* AddingtwoUITests */ = {
			isa = PBXFileSystemSynchronizedRootGroup;
			path = AddingtwoUITests;
			sourceTree = "<group>";
		};
/* End PBXFileSystemSynchronizedRootGroup section */

/* Begin PBXFrameworksBuildPhase section */
		4C36D78E2CEC7CA600EA2259 /* Frameworks */ = {
			isa = PBXFrameworksBuildPhase;
			buildActionMask = 2147483647;
			files = (
			);
			runOnlyForDeploymentPostprocessing = 0;
		};
		4C36D79E2CEC7CA800EA2259 /* Frameworks */ = {
			isa = PBXFrameworksBuildPhase;
			buildActionMask = 2147483647;
			files = (
			);
			runOnlyForDeploymentPostprocessing = 0;
		};
		4C36D7A82CEC7CA800EA2259 /* Frameworks */ = {
			isa = PBXFrameworksBuildPhase;
			buildActionMask = 2147483647;
			files = (
			);
			runOnlyForDeploymentPostprocessing = 0;
		};
/* End PBXFrameworksBuildPhase section */

/* Begin PBXGroup section */
		4C36D7882CEC7CA600EA2259 = {
			isa = PBXGroup;
			children = (
				4C36D7932CEC7CA600EA2259 /* Addingtwo */,
				4C36D7A42CEC7CA800EA2259 /* AddingtwoTests */,
				4C36D7AE2CEC7CA800EA2259 /* AddingtwoUITests */,
				4C36D7922CEC7CA600EA2259 /* Products */,
			);
			sourceTree = "<group>";
		};
		4C36D7922CEC7CA600EA2259 /* Products */ = {
			isa = PBXGroup;
			children = (
				4C36D7912CEC7CA600EA2259 /* Addingtwo.app */,
				4C36D7A12CEC7CA800EA2259 /* AddingtwoTests.xctest */,
				4C36D7AB2CEC7CA800EA2259 /* AddingtwoUITests.xctest */,
			);
			name = Products;
			sourceTree = "<group>";
		};
/* End PBXGroup section */

/* Begin PBXNativeTarget section */
		4C36D7902CEC7CA600EA2259 /* Addingtwo */ = {
			isa = PBXNativeTarget;
			buildConfigurationList = 4C36D7B52CEC7CA800EA2259 /* Build configuration list for PBXNativeTarget "Addingtwo" */;
			buildPhases = (
				4C36D78D2CEC7CA600EA2259 /* Sources */,
				4C36D78E2CEC7CA600EA2259 /* Frameworks */,
				4C36D78F2CEC7CA600EA2259 /* Resources */,
			);
			buildRules = (
			);
			dependencies = (
			);
			fileSystemSynchronizedGroups = (
				4C36D7932CEC7CA600EA2259 /* Addingtwo */,
			);
			name = Addingtwo;
			packageProductDependencies = (
			);
			productName = Addingtwo;
			productReference = 4C36D7912CEC7CA600EA2259 /* Addingtwo.app */;
			productType = "com.apple.product-type.application";
		};
		4C36D7A02CEC7CA800EA2259 /* AddingtwoTests */ = {
			isa = PBXNativeTarget;
			buildConfigurationList = 4C36D7B82CEC7CA800EA2259 /* Build configuration list for PBXNativeTarget "AddingtwoTests" */;
			buildPhases = (
				4C36D79D2CEC7CA800EA2259 /* Sources */,
				4C36D79E2CEC7CA800EA2259 /* Frameworks */,
				4C36D79F2CEC7CA800EA2259 /* Resources */,
			);
			buildRules = (
			);
			dependencies = (
				4C36D7A32CEC7CA800EA2259 /* PBXTargetDependency */,
			);
			fileSystemSynchronizedGroups = (
				4C36D7A42CEC7CA800EA2259 /* AddingtwoTests */,
			);
			name = AddingtwoTests;
			packageProductDependencies = (
			);
			productName = AddingtwoTests;
			productReference = 4C36D7A12CEC7CA800EA2259 /* AddingtwoTests.xctest */;
			productType = "com.apple.product-type.bundle.unit-test";
		};
		4C36D7AA2CEC7CA800EA2259 /* AddingtwoUITests */ = {
			isa = PBXNativeTarget;
			buildConfigurationList = 4C36D7BB2CEC7CA800EA2259 /* Build configuration list for PBXNativeTarget "AddingtwoUITests" */;
			buildPhases = (
				4C36D7A72CEC7CA800EA2259 /* Sources */,
				4C36D7A82CEC7CA800EA2259 /* Frameworks */,
				4C36D7A92CEC7CA800EA2259 /* Resources */,
			);
			buildRules = (
			);
			dependencies = (
				4C36D7AD2CEC7CA800EA2259 /* PBXTargetDependency */,
			);
			fileSystemSynchronizedGroups = (
				4C36D7AE2CEC7CA800EA2259 /* AddingtwoUITests */,
			);
			name = AddingtwoUITests;
			packageProductDependencies = (
			);
			productName = AddingtwoUITests;
			productReference = 4C36D7AB2CEC7CA800EA2259 /* AddingtwoUITests.xctest */;
			productType = "com.apple.product-type.bundle.ui-testing";
		};
/* End PBXNativeTarget section */

/* Begin PBXProject section */
		4C36D7892CEC7CA600EA2259 /* Project object */ = {
			isa = PBXProject;
			attributes = {
				BuildIndependentTargetsInParallel = 1;
				LastSwiftUpdateCheck = 1610;
				LastUpgradeCheck = 1610;
				TargetAttributes = {
					4C36D7902CEC7CA600EA2259 = {
						CreatedOnToolsVersion = 16.1;
					};
					4C36D7A02CEC7CA800EA2259 = {
						CreatedOnToolsVersion = 16.1;
						TestTargetID = 4C36D7902CEC7CA600EA2259;
					};
					4C36D7AA2CEC7CA800EA2259 = {
						CreatedOnToolsVersion = 16.1;
						TestTargetID = 4C36D7902CEC7CA600EA2259;
					};
				};
			};
			buildConfigurationList = 4C36D78C2CEC7CA600EA2259 /* Build configuration list for PBXProject "Addingtwo" */;
			developmentRegion = en;
			hasScannedForEncodings = 0;
			knownRegions = (
				en,
				Base,
			);
			mainGroup = 4C36D7882CEC7CA600EA2259;
			minimizedProjectReferenceProxies = 1;
			preferredProjectObjectVersion = 77;
			productRefGroup = 4C36D7922CEC7CA600EA2259 /* Products */;
			projectDirPath = "";
			projectRoot = "";
			targets = (
				4C36D7902CEC7CA600EA2259 /* Addingtwo */,
				4C36D7A02CEC7CA800EA2259 /* AddingtwoTests */,
				4C36D7AA2CEC7CA800EA2259 /* AddingtwoUITests */,
			);
		};
/* End PBXProject section */

/* Begin PBXResourcesBuildPhase section */
		4C36D78F2CEC7CA600EA2259 /* Resources */ = {
			isa = PBXResourcesBuildPhase;
			buildActionMask = 2147483647;
			files = (
			);
			runOnlyForDeploymentPostprocessing = 0;
		};
		4C36D79F2CEC7CA800EA2259 /* Resources */ = {
			isa = PBXResourcesBuildPhase;
			buildActionMask = 2147483647;
			files = (
			);
			runOnlyForDeploymentPostprocessing = 0;
		};
		4C36D7A92CEC7CA800EA2259 /* Resources */ = {
			isa = PBXResourcesBuildPhase;
			buildActionMask = 2147483647;
			files = (
			);
			runOnlyForDeploymentPostprocessing = 0;
		};
/* End PBXResourcesBuildPhase section */

/* Begin PBXSourcesBuildPhase section */
		4C36D78D2CEC7CA600EA2259 /* Sources */ = {
			isa = PBXSourcesBuildPhase;
			buildActionMask = 2147483647;
			files = (
			);
			runOnlyForDeploymentPostprocessing = 0;
		};
		4C36D79D2CEC7CA800EA2259 /* Sources */ = {
			isa = PBXSourcesBuildPhase;
			buildActionMask = 2147483647;
			files = (
			);
			runOnlyForDeploymentPostprocessing = 0;
		};
		4C36D7A72CEC7CA800EA2259 /* Sources */ = {
			isa = PBXSourcesBuildPhase;
			buildActionMask = 2147483647;
			files = (
			);
			runOnlyForDeploymentPostprocessing = 0;
		};
/* End PBXSourcesBuildPhase section */

/* Begin PBXTargetDependency section */
		4C36D7A32CEC7CA800EA2259 /* PBXTargetDependency */ = {
			isa = PBXTargetDependency;
			target = 4C36D7902CEC7CA600EA2259 /* Addingtwo */;
			targetProxy = 4C36D7A22CEC7CA800EA2259 /* PBXContainerItemProxy */;
		};
		4C36D7AD2CEC7CA800EA2259 /* PBXTargetDependency */ = {
			isa = PBXTargetDependency;
			target = 4C36D7902CEC7CA600EA2259 /* Addingtwo */;
			targetProxy = 4C36D7AC2CEC7CA800EA2259 /* PBXContainerItemProxy */;
		};
/* End PBXTargetDependency section */

/* Begin XCBuildConfiguration section */
		4C36D7B32CEC7CA800EA2259 /* Debug */ = {
			isa = XCBuildConfiguration;
			buildSettings = {
				ALWAYS_SEARCH_USER_PATHS = NO;
				ASSETCATALOG_COMPILER_GENERATE_SWIFT_ASSET_SYMBOL_EXTENSIONS = YES;
				CLANG_ANALYZER_NONNULL = YES;
				CLANG_ANALYZER_NUMBER_OBJECT_CONVERSION = YES_AGGRESSIVE;
				CLANG_CXX_LANGUAGE_STANDARD = "gnu++20";
				CLANG_ENABLE_MODULES = YES;
				CLANG_ENABLE_OBJC_ARC = YES;
				CLANG_ENABLE_OBJC_WEAK = YES;
				CLANG_WARN_BLOCK_CAPTURE_AUTORELEASING = YES;
				CLANG_WARN_BOOL_CONVERSION = YES;
				CLANG_WARN_COMMA = YES;
				CLANG_WARN_CONSTANT_CONVERSION = YES;
				CLANG_WARN_DEPRECATED_OBJC_IMPLEMENTATIONS = YES;
				CLANG_WARN_DIRECT_OBJC_ISA_USAGE = YES_ERROR;
				CLANG_WARN_DOCUMENTATION_COMMENTS = YES;
				CLANG_WARN_EMPTY_BODY = YES;
				CLANG_WARN_ENUM_CONVERSION = YES;
				CLANG_WARN_INFINITE_RECURSION = YES;
				CLANG_WARN_INT_CONVERSION = YES;
				CLANG_WARN_NON_LITERAL_NULL_CONVERSION = YES;
				CLANG_WARN_OBJC_IMPLICIT_RETAIN_SELF = YES;
				CLANG_WARN_OBJC_LITERAL_CONVERSION = YES;
				CLANG_WARN_OBJC_ROOT_CLASS = YES_ERROR;
				CLANG_WARN_QUOTED_INCLUDE_IN_FRAMEWORK_HEADER = YES;
				CLANG_WARN_RANGE_LOOP_ANALYSIS = YES;
				CLANG_WARN_STRICT_PROTOTYPES = YES;
				CLANG_WARN_SUSPICIOUS_MOVE = YES;
				CLANG_WARN_UNGUARDED_AVAILABILITY = YES_AGGRESSIVE;
				CLANG_WARN_UNREACHABLE_CODE = YES;
				CLANG_WARN__DUPLICATE_METHOD_MATCH = YES;
				COPY_PHASE_STRIP = NO;
				DEBUG_INFORMATION_FORMAT = dwarf;
				ENABLE_STRICT_OBJC_MSGSEND = YES;
				ENABLE_TESTABILITY = YES;
				ENABLE_USER_SCRIPT_SANDBOXING = YES;
				GCC_C_LANGUAGE_STANDARD = gnu17;
				GCC_DYNAMIC_NO_PIC = NO;
				GCC_NO_COMMON_BLOCKS = YES;
				GCC_OPTIMIZATION_LEVEL = 0;
				GCC_PREPROCESSOR_DEFINITIONS = (
					"DEBUG=1",
					"$(inherited)",
				);
				GCC_WARN_64_TO_32_BIT_CONVERSION = YES;
				GCC_WARN_ABOUT_RETURN_TYPE = YES_ERROR;
				GCC_WARN_UNDECLARED_SELECTOR = YES;
				GCC_WARN_UNINITIALIZED_AUTOS = YES_AGGRESSIVE;
				GCC_WARN_UNUSED_FUNCTION = YES;
				GCC_WARN_UNUSED_VARIABLE = YES;
				IPHONEOS_DEPLOYMENT_TARGET = 18.1;
				LOCALIZATION_PREFERS_STRING_CATALOGS = YES;
				MTL_ENABLE_DEBUG_INFO = INCLUDE_SOURCE;
				MTL_FAST_MATH = YES;
				ONLY_ACTIVE_ARCH = YES;
				SDKROOT = iphoneos;
				SWIFT_ACTIVE_COMPILATION_CONDITIONS = "DEBUG $(inherited)";
				SWIFT_OPTIMIZATION_LEVEL = "-Onone";
			};
			name = Debug;
		};
		4C36D7B42CEC7CA800EA2259 /* Release */ = {
			isa = XCBuildConfiguration;
			buildSettings = {
				ALWAYS_SEARCH_USER_PATHS = NO;
				ASSETCATALOG_COMPILER_GENERATE_SWIFT_ASSET_SYMBOL_EXTENSIONS = YES;
				CLANG_ANALYZER_NONNULL = YES;
				CLANG_ANALYZER_NUMBER_OBJECT_CONVERSION = YES_AGGRESSIVE;
				CLANG_CXX_LANGUAGE_STANDARD = "gnu++20";
				CLANG_ENABLE_MODULES = YES;
				CLANG_ENABLE_OBJC_ARC = YES;
				CLANG_ENABLE_OBJC_WEAK = YES;
				CLANG_WARN_BLOCK_CAPTURE_AUTORELEASING = YES;
				CLANG_WARN_BOOL_CONVERSION = YES;
				CLANG_WARN_COMMA = YES;
				CLANG_WARN_CONSTANT_CONVERSION = YES;
				CLANG_WARN_DEPRECATED_OBJC_IMPLEMENTATIONS = YES;
				CLANG_WARN_DIRECT_OBJC_ISA_USAGE = YES_ERROR;
				CLANG_WARN_DOCUMENTATION_COMMENTS = YES;
				CLANG_WARN_EMPTY_BODY = YES;
				CLANG_WARN_ENUM_CONVERSION = YES;
				CLANG_WARN_INFINITE_RECURSION = YES;
				CLANG_WARN_INT_CONVERSION = YES;
				CLANG_WARN_NON_LITERAL_NULL_CONVERSION = YES;
				CLANG_WARN_OBJC_IMPLICIT_RETAIN_SELF = YES;
				CLANG_WARN_OBJC_LITERAL_CONVERSION = YES;
				CLANG_WARN_OBJC_ROOT_CLASS = YES_ERROR;
				CLANG_WARN_QUOTED_INCLUDE_IN_FRAMEWORK_HEADER = YES;
				CLANG_WARN_RANGE_LOOP_ANALYSIS = YES;
				CLANG_WARN_STRICT_PROTOTYPES = YES;
				CLANG_WARN_SUSPICIOUS_MOVE = YES;
				CLANG_WARN_UNGUARDED_AVAILABILITY = YES_AGGRESSIVE;
				CLANG_WARN_UNREACHABLE_CODE = YES;
				CLANG_WARN__DUPLICATE_METHOD_MATCH = YES;
				COPY_PHASE_STRIP = NO;
				DEBUG_INFORMATION_FORMAT = "dwarf-with-dsym";
				ENABLE_NS_ASSERTIONS = NO;
				ENABLE_STRICT_OBJC_MSGSEND = YES;
				ENABLE_USER_SCRIPT_SANDBOXING = YES;
				GCC_C_LANGUAGE_STANDARD = gnu17;
				GCC_NO_COMMON_BLOCKS = YES;
				GCC_WARN_64_TO_32_BIT_CONVERSION = YES;
				GCC_WARN_ABOUT_RETURN_TYPE = YES_ERROR;
				GCC_WARN_UNDECLARED_SELECTOR = YES;
				GCC_WARN_UNINITIALIZED_AUTOS = YES_AGGRESSIVE;
				GCC_WARN_UNUSED_FUNCTION = YES;
				GCC_WARN_UNUSED_VARIABLE = YES;
				IPHONEOS_DEPLOYMENT_TARGET = 18.1;
				LOCALIZATION_PREFERS_STRING_CATALOGS = YES;
				MTL_ENABLE_DEBUG_INFO = NO;
				MTL_FAST_MATH = YES;
				SDKROOT = iphoneos;
				SWIFT_COMPILATION_MODE = wholemodule;
				VALIDATE_PRODUCT = YES;
			};
			name = Release;
		};
		4C36D7B62CEC7CA800EA2259 /* Debug */ = {
			isa = XCBuildConfiguration;
			buildSettings = {
				ASSETCATALOG_COMPILER_APPICON_NAME = AppIcon;
				ASSETCATALOG_COMPILER_GLOBAL_ACCENT_COLOR_NAME = AccentColor;
				CODE_SIGN_STYLE = Automatic;
				CURRENT_PROJECT_VERSION = 1;
				DEVELOPMENT_ASSET_PATHS = "\"Addingtwo/Preview Content\"";
				ENABLE_PREVIEWS = YES;
				GENERATE_INFOPLIST_FILE = YES;
				INFOPLIST_KEY_UIApplicationSceneManifest_Generation = YES;
				INFOPLIST_KEY_UIApplicationSupportsIndirectInputEvents = YES;
				INFOPLIST_KEY_UILaunchScreen_Generation = YES;
				INFOPLIST_KEY_UISupportedInterfaceOrientations_iPad = "UIInterfaceOrientationPortrait UIInterfaceOrientationPortraitUpsideDown UIInterfaceOrientationLandscapeLeft UIInterfaceOrientationLandscapeRight";
				INFOPLIST_KEY_UISupportedInterfaceOrientations_iPhone = "UIInterfaceOrientationPortrait UIInterfaceOrientationLandscapeLeft UIInterfaceOrientationLandscapeRight";
				LD_RUNPATH_SEARCH_PATHS = (
					"$(inherited)",
					"@executable_path/Frameworks",
				);
				MARKETING_VERSION = 1.0;
				PRODUCT_BUNDLE_IDENTIFIER = sabinash.Addingtwo;
				PRODUCT_NAME = "$(TARGET_NAME)";
				SWIFT_EMIT_LOC_STRINGS = YES;
				SWIFT_VERSION = 5.0;
				TARGETED_DEVICE_FAMILY = "1,2";
			};
			name = Debug;
		};
		4C36D7B72CEC7CA800EA2259 /* Release */ = {
			isa = XCBuildConfiguration;
			buildSettings = {
				ASSETCATALOG_COMPILER_APPICON_NAME = AppIcon;
				ASSETCATALOG_COMPILER_GLOBAL_ACCENT_COLOR_NAME = AccentColor;
				CODE_SIGN_STYLE = Automatic;
				CURRENT_PROJECT_VERSION = 1;
				DEVELOPMENT_ASSET_PATHS = "\"Addingtwo/Preview Content\"";
				ENABLE_PREVIEWS = YES;
				GENERATE_INFOPLIST_FILE = YES;
				INFOPLIST_KEY_UIApplicationSceneManifest_Generation = YES;
				INFOPLIST_KEY_UIApplicationSupportsIndirectInputEvents = YES;
				INFOPLIST_KEY_UILaunchScreen_Generation = YES;
				INFOPLIST_KEY_UISupportedInterfaceOrientations_iPad = "UIInterfaceOrientationPortrait UIInterfaceOrientationPortraitUpsideDown UIInterfaceOrientationLandscapeLeft UIInterfaceOrientationLandscapeRight";
				INFOPLIST_KEY_UISupportedInterfaceOrientations_iPhone = "UIInterfaceOrientationPortrait UIInterfaceOrientationLandscapeLeft UIInterfaceOrientationLandscapeRight";
				LD_RUNPATH_SEARCH_PATHS = (
					"$(inherited)",
					"@executable_path/Frameworks",
				);
				MARKETING_VERSION = 1.0;
				PRODUCT_BUNDLE_IDENTIFIER = sabinash.Addingtwo;
				PRODUCT_NAME = "$(TARGET_NAME)";
				SWIFT_EMIT_LOC_STRINGS = YES;
				SWIFT_VERSION = 5.0;
				TARGETED_DEVICE_FAMILY = "1,2";
			};
			name = Release;
		};
		4C36D7B92CEC7CA800EA2259 /* Debug */ = {
			isa = XCBuildConfiguration;
			buildSettings = {
				BUNDLE_LOADER = "$(TEST_HOST)";
				CODE_SIGN_STYLE = Automatic;
				CURRENT_PROJECT_VERSION = 1;
				GENERATE_INFOPLIST_FILE = YES;
				IPHONEOS_DEPLOYMENT_TARGET = 18.1;
				MARKETING_VERSION = 1.0;
				PRODUCT_BUNDLE_IDENTIFIER = sabinash.AddingtwoTests;
				PRODUCT_NAME = "$(TARGET_NAME)";
				SWIFT_EMIT_LOC_STRINGS = NO;
				SWIFT_VERSION = 5.0;
				TARGETED_DEVICE_FAMILY = "1,2";
				TEST_HOST = "$(BUILT_PRODUCTS_DIR)/Addingtwo.app/$(BUNDLE_EXECUTABLE_FOLDER_PATH)/Addingtwo";
			};
			name = Debug;
		};
		4C36D7BA2CEC7CA800EA2259 /* Release */ = {
			isa = XCBuildConfiguration;
			buildSettings = {
				BUNDLE_LOADER = "$(TEST_HOST)";
				CODE_SIGN_STYLE = Automatic;
				CURRENT_PROJECT_VERSION = 1;
				GENERATE_INFOPLIST_FILE = YES;
				IPHONEOS_DEPLOYMENT_TARGET = 18.1;
				MARKETING_VERSION = 1.0;
				PRODUCT_BUNDLE_IDENTIFIER = sabinash.AddingtwoTests;
				PRODUCT_NAME = "$(TARGET_NAME)";
				SWIFT_EMIT_LOC_STRINGS = NO;
				SWIFT_VERSION = 5.0;
				TARGETED_DEVICE_FAMILY = "1,2";
				TEST_HOST = "$(BUILT_PRODUCTS_DIR)/Addingtwo.app/$(BUNDLE_EXECUTABLE_FOLDER_PATH)/Addingtwo";
			};
			name = Release;
		};
		4C36D7BC2CEC7CA800EA2259 /* Debug */ = {
			isa = XCBuildConfiguration;
			buildSettings = {
				CODE_SIGN_STYLE = Automatic;
				CURRENT_PROJECT_VERSION = 1;
				GENERATE_INFOPLIST_FILE = YES;
				MARKETING_VERSION = 1.0;
				PRODUCT_BUNDLE_IDENTIFIER = sabinash.AddingtwoUITests;
				PRODUCT_NAME = "$(TARGET_NAME)";
				SWIFT_EMIT_LOC_STRINGS = NO;
				SWIFT_VERSION = 5.0;
				TARGETED_DEVICE_FAMILY = "1,2";
				TEST_TARGET_NAME = Addingtwo;
			};
			name = Debug;
		};
		4C36D7BD2CEC7CA800EA2259 /* Release */ = {
			isa = XCBuildConfiguration;
			buildSettings = {
				CODE_SIGN_STYLE = Automatic;
				CURRENT_PROJECT_VERSION = 1;
				GENERATE_INFOPLIST_FILE = YES;
				MARKETING_VERSION = 1.0;
				PRODUCT_BUNDLE_IDENTIFIER = sabinash.AddingtwoUITests;
				PRODUCT_NAME = "$(TARGET_NAME)";
				SWIFT_EMIT_LOC_STRINGS = NO;
				SWIFT_VERSION = 5.0;
				TARGETED_DEVICE_FAMILY = "1,2";
				TEST_TARGET_NAME = Addingtwo;
			};
			name = Release;
		};
/* End XCBuildConfiguration section */

/* Begin XCConfigurationList section */
		4C36D78C2CEC7CA600EA2259 /* Build configuration list for PBXProject "Addingtwo" */ = {
			isa = XCConfigurationList;
			buildConfigurations = (
				4C36D7B32CEC7CA800EA2259 /* Debug */,
				4C36D7B42CEC7CA800EA2259 /* Release */,
			);
			defaultConfigurationIsVisible = 0;
			defaultConfigurationName = Release;
		};
		4C36D7B52CEC7CA800EA2259 /* Build configuration list for PBXNativeTarget "Addingtwo" */ = {
			isa = XCConfigurationList;
			buildConfigurations = (
				4C36D7B62CEC7CA800EA2259 /* Debug */,
				4C36D7B72CEC7CA800EA2259 /* Release */,
			);
			defaultConfigurationIsVisible = 0;
			defaultConfigurationName = Release;
		};
		4C36D7B82CEC7CA800EA2259 /* Build configuration list for PBXNativeTarget "AddingtwoTests" */ = {
			isa = XCConfigurationList;
			buildConfigurations = (
				4C36D7B92CEC7CA800EA2259 /* Debug */,
				4C36D7BA2CEC7CA800EA2259 /* Release */,
			);
			defaultConfigurationIsVisible = 0;
			defaultConfigurationName = Release;
		};
		4C36D7BB2CEC7CA800EA2259 /* Build configuration list for PBXNativeTarget "AddingtwoUITests" */ = {
			isa = XCConfigurationList;
			buildConfigurations = (
				4C36D7BC2CEC7CA800EA2259 /* Debug */,
				4C36D7BD2CEC7CA800EA2259 /* Release */,
			);
			defaultConfigurationIsVisible = 0;
			defaultConfigurationName = Release;
		};
/* End XCConfigurationList section */
	};
	rootObject = 4C36D7892CEC7CA600EA2259 /* Project object */;
}
